
Microsoft Visual Studio Solution File, Format Version 12.00
# Visual Studio 15
VisualStudioVersion = 15.0.28307.329
MinimumVisualStudioVersion = 10.0.40219.1
Project("{2150E333-8FDC-42A3-9474-1A3956D46DE8}") = "Services", "Services", "{00BCB6C9-CCD0-48D5-893E-486BBD40D135}"
EndProject
Project("{2150E333-8FDC-42A3-9474-1A3956D46DE8}") = "Common", "Common", "{A4129D8D-829C-40AB-AEDA-5BE4F173C9B7}"
EndProject
Project("{2150E333-8FDC-42A3-9474-1A3956D46DE8}") = "UI", "UI", "{B0ED8C20-BAB0-42B4-9A74-0D2D10F00C80}"
EndProject
Project("{9A19103F-16F7-4668-BE54-9A1E7A4F7556}") = "WebStore.Entities", "Common\WebStore.Entities\WebStore.Entities.csproj", "{ABEF9569-2D5A-476D-8140-314910C2535A}"
EndProject
Project("{9A19103F-16F7-4668-BE54-9A1E7A4F7556}") = "WebStore.DAL", "Services\WebStore.DAL\WebStore.DAL.csproj", "{39D4F223-0CE0-400B-AD27-B844A62D3E28}"
EndProject
Project("{9A19103F-16F7-4668-BE54-9A1E7A4F7556}") = "WebStore", "UI\WebStore\WebStore.csproj", "{1DECF38F-D381-4156-BE2B-9AEF48439CFE}"
EndProject
Project("{9A19103F-16F7-4668-BE54-9A1E7A4F7556}") = "WebStore.ServiceHosting", "Services\WebStore.ServiceHosting\WebStore.ServiceHosting.csproj", "{C3035CC2-39DA-4C37-A646-B184DF5FE683}"
EndProject
Project("{9A19103F-16F7-4668-BE54-9A1E7A4F7556}") = "WebStore.Interfaces", "Services\WebStore.Interfaces\WebStore.Interfaces.csproj", "{0D9E7153-B2DB-41CC-9A4A-08FEF02DAB59}"
EndProject
Project("{9A19103F-16F7-4668-BE54-9A1E7A4F7556}") = "WebStore.Clients", "WebStore.Clients\WebStore.Clients.csproj", "{D3DA8787-00BF-4BD6-8B7B-A49D3E9F3559}"
EndProject
Project("{9A19103F-16F7-4668-BE54-9A1E7A4F7556}") = "WebStore.Services", "Services\WebStore.Services\WebStore.Services.csproj", "{82BE6C14-A0F7-4775-93AE-B8F0205C7647}"
EndProject
Project("{9A19103F-16F7-4668-BE54-9A1E7A4F7556}") = "WebStore.Logger", "WebStore.Logger\WebStore.Logger.csproj", "{F434DE02-9354-4C65-96C4-2C00BB7B1E06}"
EndProject
Project("{2150E333-8FDC-42A3-9474-1A3956D46DE8}") = "Tests", "Tests", "{1C52E0F0-91D6-46F9-8877-3EC8A6441022}"
EndProject
Project("{9A19103F-16F7-4668-BE54-9A1E7A4F7556}") = "WebStore.Tests", "Tests\WebStore.Tests\WebStore.Tests.csproj", "{92042A80-9421-44EB-871A-CBE11D9E576E}"
EndProject
Project("{9A19103F-16F7-4668-BE54-9A1E7A4F7556}") = "WebStore.Services.Tests", "Tests\WebStore.Services.Tests\WebStore.Services.Tests.csproj", "{E39B88C5-9C36-41B8-B28E-7864E55DF1CE}"
EndProject
Project("{FAE04EC0-301F-11D3-BF4B-00C04F79EFBC}") = "WebStore.TagHelpers", "Common\WebStore.TagHelpers\WebStore.TagHelpers.csproj", "{22A88855-FCF8-41C6-B064-89FFBE1607FB}"
EndProject
Global
	GlobalSection(SolutionConfigurationPlatforms) = preSolution
		Debug|Any CPU = Debug|Any CPU
		Release|Any CPU = Release|Any CPU
	EndGlobalSection
	GlobalSection(ProjectConfigurationPlatforms) = postSolution
		{ABEF9569-2D5A-476D-8140-314910C2535A}.Debug|Any CPU.ActiveCfg = Debug|Any CPU
		{ABEF9569-2D5A-476D-8140-314910C2535A}.Debug|Any CPU.Build.0 = Debug|Any CPU
		{ABEF9569-2D5A-476D-8140-314910C2535A}.Release|Any CPU.ActiveCfg = Release|Any CPU
		{ABEF9569-2D5A-476D-8140-314910C2535A}.Release|Any CPU.Build.0 = Release|Any CPU
		{39D4F223-0CE0-400B-AD27-B844A62D3E28}.Debug|Any CPU.ActiveCfg = Debug|Any CPU
		{39D4F223-0CE0-400B-AD27-B844A62D3E28}.Debug|Any CPU.Build.0 = Debug|Any CPU
		{39D4F223-0CE0-400B-AD27-B844A62D3E28}.Release|Any CPU.ActiveCfg = Release|Any CPU
		{39D4F223-0CE0-400B-AD27-B844A62D3E28}.Release|Any CPU.Build.0 = Release|Any CPU
		{1DECF38F-D381-4156-BE2B-9AEF48439CFE}.Debug|Any CPU.ActiveCfg = Debug|Any CPU
		{1DECF38F-D381-4156-BE2B-9AEF48439CFE}.Debug|Any CPU.Build.0 = Debug|Any CPU
		{1DECF38F-D381-4156-BE2B-9AEF48439CFE}.Release|Any CPU.ActiveCfg = Release|Any CPU
		{1DECF38F-D381-4156-BE2B-9AEF48439CFE}.Release|Any CPU.Build.0 = Release|Any CPU
		{C3035CC2-39DA-4C37-A646-B184DF5FE683}.Debug|Any CPU.ActiveCfg = Debug|Any CPU
		{C3035CC2-39DA-4C37-A646-B184DF5FE683}.Debug|Any CPU.Build.0 = Debug|Any CPU
		{C3035CC2-39DA-4C37-A646-B184DF5FE683}.Release|Any CPU.ActiveCfg = Release|Any CPU
		{C3035CC2-39DA-4C37-A646-B184DF5FE683}.Release|Any CPU.Build.0 = Release|Any CPU
		{0D9E7153-B2DB-41CC-9A4A-08FEF02DAB59}.Debug|Any CPU.ActiveCfg = Debug|Any CPU
		{0D9E7153-B2DB-41CC-9A4A-08FEF02DAB59}.Debug|Any CPU.Build.0 = Debug|Any CPU
		{0D9E7153-B2DB-41CC-9A4A-08FEF02DAB59}.Release|Any CPU.ActiveCfg = Release|Any CPU
		{0D9E7153-B2DB-41CC-9A4A-08FEF02DAB59}.Release|Any CPU.Build.0 = Release|Any CPU
		{D3DA8787-00BF-4BD6-8B7B-A49D3E9F3559}.Debug|Any CPU.ActiveCfg = Debug|Any CPU
		{D3DA8787-00BF-4BD6-8B7B-A49D3E9F3559}.Debug|Any CPU.Build.0 = Debug|Any CPU
		{D3DA8787-00BF-4BD6-8B7B-A49D3E9F3559}.Release|Any CPU.ActiveCfg = Release|Any CPU
		{D3DA8787-00BF-4BD6-8B7B-A49D3E9F3559}.Release|Any CPU.Build.0 = Release|Any CPU
		{82BE6C14-A0F7-4775-93AE-B8F0205C7647}.Debug|Any CPU.ActiveCfg = Debug|Any CPU
		{82BE6C14-A0F7-4775-93AE-B8F0205C7647}.Debug|Any CPU.Build.0 = Debug|Any CPU
		{82BE6C14-A0F7-4775-93AE-B8F0205C7647}.Release|Any CPU.ActiveCfg = Release|Any CPU
		{82BE6C14-A0F7-4775-93AE-B8F0205C7647}.Release|Any CPU.Build.0 = Release|Any CPU
		{F434DE02-9354-4C65-96C4-2C00BB7B1E06}.Debug|Any CPU.ActiveCfg = Debug|Any CPU
		{F434DE02-9354-4C65-96C4-2C00BB7B1E06}.Debug|Any CPU.Build.0 = Debug|Any CPU
		{F434DE02-9354-4C65-96C4-2C00BB7B1E06}.Release|Any CPU.ActiveCfg = Release|Any CPU
		{F434DE02-9354-4C65-96C4-2C00BB7B1E06}.Release|Any CPU.Build.0 = Release|Any CPU
		{92042A80-9421-44EB-871A-CBE11D9E576E}.Debug|Any CPU.ActiveCfg = Debug|Any CPU
		{92042A80-9421-44EB-871A-CBE11D9E576E}.Debug|Any CPU.Build.0 = Debug|Any CPU
		{92042A80-9421-44EB-871A-CBE11D9E576E}.Release|Any CPU.ActiveCfg = Release|Any CPU
		{92042A80-9421-44EB-871A-CBE11D9E576E}.Release|Any CPU.Build.0 = Release|Any CPU
		{E39B88C5-9C36-41B8-B28E-7864E55DF1CE}.Debug|Any CPU.ActiveCfg = Debug|Any CPU
		{E39B88C5-9C36-41B8-B28E-7864E55DF1CE}.Debug|Any CPU.Build.0 = Debug|Any CPU
		{E39B88C5-9C36-41B8-B28E-7864E55DF1CE}.Release|Any CPU.ActiveCfg = Release|Any CPU
		{E39B88C5-9C36-41B8-B28E-7864E55DF1CE}.Release|Any CPU.Build.0 = Release|Any CPU
		{22A88855-FCF8-41C6-B064-89FFBE1607FB}.Debug|Any CPU.ActiveCfg = Debug|Any CPU
		{22A88855-FCF8-41C6-B064-89FFBE1607FB}.Debug|Any CPU.Build.0 = Debug|Any CPU
		{22A88855-FCF8-41C6-B064-89FFBE1607FB}.Release|Any CPU.ActiveCfg = Release|Any CPU
		{22A88855-FCF8-41C6-B064-89FFBE1607FB}.Release|Any CPU.Build.0 = Release|Any CPU
	EndGlobalSection
	GlobalSection(SolutionProperties) = preSolution
		HideSolutionNode = FALSE
	EndGlobalSection
	GlobalSection(NestedProjects) = preSolution
		{ABEF9569-2D5A-476D-8140-314910C2535A} = {A4129D8D-829C-40AB-AEDA-5BE4F173C9B7}
		{39D4F223-0CE0-400B-AD27-B844A62D3E28} = {00BCB6C9-CCD0-48D5-893E-486BBD40D135}
		{1DECF38F-D381-4156-BE2B-9AEF48439CFE} = {B0ED8C20-BAB0-42B4-9A74-0D2D10F00C80}
		{C3035CC2-39DA-4C37-A646-B184DF5FE683} = {00BCB6C9-CCD0-48D5-893E-486BBD40D135}
		{0D9E7153-B2DB-41CC-9A4A-08FEF02DAB59} = {00BCB6C9-CCD0-48D5-893E-486BBD40D135}
		{D3DA8787-00BF-4BD6-8B7B-A49D3E9F3559} = {00BCB6C9-CCD0-48D5-893E-486BBD40D135}
		{82BE6C14-A0F7-4775-93AE-B8F0205C7647} = {00BCB6C9-CCD0-48D5-893E-486BBD40D135}
		{F434DE02-9354-4C65-96C4-2C00BB7B1E06} = {A4129D8D-829C-40AB-AEDA-5BE4F173C9B7}
		{92042A80-9421-44EB-871A-CBE11D9E576E} = {1C52E0F0-91D6-46F9-8877-3EC8A6441022}
		{E39B88C5-9C36-41B8-B28E-7864E55DF1CE} = {1C52E0F0-91D6-46F9-8877-3EC8A6441022}
		{22A88855-FCF8-41C6-B064-89FFBE1607FB} = {A4129D8D-829C-40AB-AEDA-5BE4F173C9B7}
	EndGlobalSection
	GlobalSection(ExtensibilityGlobals) = postSolution
		SolutionGuid = {849B404B-64ED-4871-941A-803C74392C21}
	EndGlobalSection
EndGlobal
